
Microsoft Visual Studio Solution File, Format Version 12.00
# Visual Studio Version 17
VisualStudioVersion = 17.11.35327.3
MinimumVisualStudioVersion = 10.0.40219.1
Project("{9A19103F-16F7-4668-BE54-9A1E7A4F7556}") = "EnterpriseProject.Operations", "EnterpriseProject\EnterpriseProject.Operations.csproj", "{065542F0-2D4C-40AA-8B5C-B5F5F19F787B}"
EndProject
Project("{FAE04EC0-301F-11D3-BF4B-00C04F79EFBC}") = "EnterpriseProject.Services", "EnterpriseProject.Services\EnterpriseProject.Services.csproj", "{2D9AEB72-2570-4617-B1CB-F1E990619A42}"
EndProject
Project("{FAE04EC0-301F-11D3-BF4B-00C04F79EFBC}") = "EnterpriseProject.Entities", "EnterpriseProject.Entities\EnterpriseProject.Entities.csproj", "{5A163347-0014-4CE8-837A-8A2EC7BCF4E7}"
EndProject
Global
	GlobalSection(SolutionConfigurationPlatforms) = preSolution
		Debug|Any CPU = Debug|Any CPU
		Release|Any CPU = Release|Any CPU
	EndGlobalSection
	GlobalSection(ProjectConfigurationPlatforms) = postSolution
		{065542F0-2D4C-40AA-8B5C-B5F5F19F787B}.Debug|Any CPU.ActiveCfg = Debug|Any CPU
		{065542F0-2D4C-40AA-8B5C-B5F5F19F787B}.Debug|Any CPU.Build.0 = Debug|Any CPU
		{065542F0-2D4C-40AA-8B5C-B5F5F19F787B}.Release|Any CPU.ActiveCfg = Release|Any CPU
		{065542F0-2D4C-40AA-8B5C-B5F5F19F787B}.Release|Any CPU.Build.0 = Release|Any CPU
		{2D9AEB72-2570-4617-B1CB-F1E990619A42}.Debug|Any CPU.ActiveCfg = Debug|Any CPU
		{2D9AEB72-2570-4617-B1CB-F1E990619A42}.Debug|Any CPU.Build.0 = Debug|Any CPU
		{2D9AEB72-2570-4617-B1CB-F1E990619A42}.Release|Any CPU.ActiveCfg = Release|Any CPU
		{2D9AEB72-2570-4617-B1CB-F1E990619A42}.Release|Any CPU.Build.0 = Release|Any CPU
		{5A163347-0014-4CE8-837A-8A2EC7BCF4E7}.Debug|Any CPU.ActiveCfg = Debug|Any CPU
		{5A163347-0014-4CE8-837A-8A2EC7BCF4E7}.Debug|Any CPU.Build.0 = Debug|Any CPU
		{5A163347-0014-4CE8-837A-8A2EC7BCF4E7}.Release|Any CPU.ActiveCfg = Release|Any CPU
		{5A163347-0014-4CE8-837A-8A2EC7BCF4E7}.Release|Any CPU.Build.0 = Release|Any CPU
	EndGlobalSection
	GlobalSection(SolutionProperties) = preSolution
		HideSolutionNode = FALSE
	EndGlobalSection
	GlobalSection(ExtensibilityGlobals) = postSolution
		SolutionGuid = {3F773714-95CE-4E0E-9044-0E95BD2FC62B}
	EndGlobalSection
EndGlobal
