
Microsoft Visual Studio Solution File, Format Version 12.00
# Visual Studio Version 17
VisualStudioVersion = 17.11.35327.3
MinimumVisualStudioVersion = 10.0.40219.1
Project("{FAE04EC0-301F-11D3-BF4B-00C04F79EFBC}") = "EnterpriseProject", "EnterpriseProject\EnterpriseProject.csproj", "{065542F0-2D4C-40AA-8B5C-B5F5F19F787B}"
EndProject
Global
	GlobalSection(SolutionConfigurationPlatforms) = preSolution
		Debug|Any CPU = Debug|Any CPU
		Release|Any CPU = Release|Any CPU
	EndGlobalSection
	GlobalSection(ProjectConfigurationPlatforms) = postSolution
		{065542F0-2D4C-40AA-8B5C-B5F5F19F787B}.Debug|Any CPU.ActiveCfg = Debug|Any CPU
		{065542F0-2D4C-40AA-8B5C-B5F5F19F787B}.Debug|Any CPU.Build.0 = Debug|Any CPU
		{065542F0-2D4C-40AA-8B5C-B5F5F19F787B}.Release|Any CPU.ActiveCfg = Release|Any CPU
		{065542F0-2D4C-40AA-8B5C-B5F5F19F787B}.Release|Any CPU.Build.0 = Release|Any CPU
	EndGlobalSection
	GlobalSection(SolutionProperties) = preSolution
		HideSolutionNode = FALSE
	EndGlobalSection
	GlobalSection(ExtensibilityGlobals) = postSolution
		SolutionGuid = {3F773714-95CE-4E0E-9044-0E95BD2FC62B}
	EndGlobalSection
EndGlobal
